
Microsoft Visual Studio Solution File, Format Version 12.00
# Visual Studio Version 16
VisualStudioVersion = 16.0.31005.135
MinimumVisualStudioVersion = 10.0.40219.1
Project("{888888A0-9F3D-457C-B088-3A5042F75D52}") = "TA8", "TA8.pyproj", "{039D9648-6DA3-4077-AB33-C8A0E2BCFC8F}"
EndProject
Global
	GlobalSection(SolutionConfigurationPlatforms) = preSolution
		Debug|Any CPU = Debug|Any CPU
		Release|Any CPU = Release|Any CPU
	EndGlobalSection
	GlobalSection(ProjectConfigurationPlatforms) = postSolution
		{039D9648-6DA3-4077-AB33-C8A0E2BCFC8F}.Debug|Any CPU.ActiveCfg = Debug|Any CPU
		{039D9648-6DA3-4077-AB33-C8A0E2BCFC8F}.Release|Any CPU.ActiveCfg = Release|Any CPU
	EndGlobalSection
	GlobalSection(SolutionProperties) = preSolution
		HideSolutionNode = FALSE
	EndGlobalSection
	GlobalSection(ExtensibilityGlobals) = postSolution
		SolutionGuid = {D91EF63C-282C-48DC-B9FE-FD82F18F6D4A}
	EndGlobalSection
EndGlobal
